// !$*UTF8*$!
{
	archiveVersion = 1;
	classes = {
	};
	objectVersion = 56;
	objects = {

/* Begin PBXBuildFile section */
		CAD3773A2B4588670004FC7A /* ChatViewWithSwiftUiApp.swift in Sources */ = {isa = PBXBuildFile; fileRef = CAD377392B4588670004FC7A /* ChatViewWithSwiftUiApp.swift */; };
		CAD3773E2B45886A0004FC7A /* Assets.xcassets in Resources */ = {isa = PBXBuildFile; fileRef = CAD3773D2B45886A0004FC7A /* Assets.xcassets */; };
		CAD377412B45886A0004FC7A /* Preview Assets.xcassets in Resources */ = {isa = PBXBuildFile; fileRef = CAD377402B45886A0004FC7A /* Preview Assets.xcassets */; };
		CAD377482B45890A0004FC7A /* ChatView.swift in Sources */ = {isa = PBXBuildFile; fileRef = CAD377472B45890A0004FC7A /* ChatView.swift */; };
		CAD3774A2B4592150004FC7A /* MessageRow.swift in Sources */ = {isa = PBXBuildFile; fileRef = CAD377492B4592150004FC7A /* MessageRow.swift */; };
		CAD3774E2B464AD20004FC7A /* User.swift in Sources */ = {isa = PBXBuildFile; fileRef = CAD3774D2B464AD20004FC7A /* User.swift */; };
		CAD377522B464C1E0004FC7A /* Message.swift in Sources */ = {isa = PBXBuildFile; fileRef = CAD377512B464C1E0004FC7A /* Message.swift */; };
		CAD377542B4650FB0004FC7A /* Chat.swift in Sources */ = {isa = PBXBuildFile; fileRef = CAD377532B4650FB0004FC7A /* Chat.swift */; };
		CAD377572B46525E0004FC7A /* chatData.json in Resources */ = {isa = PBXBuildFile; fileRef = CAD377562B46525E0004FC7A /* chatData.json */; };
/* End PBXBuildFile section */

/* Begin PBXFileReference section */
		CAD377362B4588670004FC7A /* ChatViewWithSwiftUi.app */ = {isa = PBXFileReference; explicitFileType = wrapper.application; includeInIndex = 0; path = ChatViewWithSwiftUi.app; sourceTree = BUILT_PRODUCTS_DIR; };
		CAD377392B4588670004FC7A /* ChatViewWithSwiftUiApp.swift */ = {isa = PBXFileReference; lastKnownFileType = sourcecode.swift; path = ChatViewWithSwiftUiApp.swift; sourceTree = "<group>"; };
		CAD3773D2B45886A0004FC7A /* Assets.xcassets */ = {isa = PBXFileReference; lastKnownFileType = folder.assetcatalog; path = Assets.xcassets; sourceTree = "<group>"; };
		CAD377402B45886A0004FC7A /* Preview Assets.xcassets */ = {isa = PBXFileReference; lastKnownFileType = folder.assetcatalog; path = "Preview Assets.xcassets"; sourceTree = "<group>"; };
		CAD377472B45890A0004FC7A /* ChatView.swift */ = {isa = PBXFileReference; lastKnownFileType = sourcecode.swift; path = ChatView.swift; sourceTree = "<group>"; };
		CAD377492B4592150004FC7A /* MessageRow.swift */ = {isa = PBXFileReference; lastKnownFileType = sourcecode.swift; path = MessageRow.swift; sourceTree = "<group>"; };
		CAD3774D2B464AD20004FC7A /* User.swift */ = {isa = PBXFileReference; lastKnownFileType = sourcecode.swift; path = User.swift; sourceTree = "<group>"; };
		CAD377512B464C1E0004FC7A /* Message.swift */ = {isa = PBXFileReference; lastKnownFileType = sourcecode.swift; path = Message.swift; sourceTree = "<group>"; };
		CAD377532B4650FB0004FC7A /* Chat.swift */ = {isa = PBXFileReference; lastKnownFileType = sourcecode.swift; path = Chat.swift; sourceTree = "<group>"; };
		CAD377562B46525E0004FC7A /* chatData.json */ = {isa = PBXFileReference; fileEncoding = 4; lastKnownFileType = text.json; path = chatData.json; sourceTree = "<group>"; };
/* End PBXFileReference section */

/* Begin PBXFrameworksBuildPhase section */
		CAD377332B4588670004FC7A /* Frameworks */ = {
			isa = PBXFrameworksBuildPhase;
			buildActionMask = 2147483647;
			files = (
			);
			runOnlyForDeploymentPostprocessing = 0;
		};
/* End PBXFrameworksBuildPhase section */

/* Begin PBXGroup section */
		CAD3772D2B4588670004FC7A = {
			isa = PBXGroup;
			children = (
				CAD377382B4588670004FC7A /* ChatViewWithSwiftUi */,
				CAD377372B4588670004FC7A /* Products */,
			);
			sourceTree = "<group>";
		};
		CAD377372B4588670004FC7A /* Products */ = {
			isa = PBXGroup;
			children = (
				CAD377362B4588670004FC7A /* ChatViewWithSwiftUi.app */,
			);
			name = Products;
			sourceTree = "<group>";
		};
		CAD377382B4588670004FC7A /* ChatViewWithSwiftUi */ = {
			isa = PBXGroup;
			children = (
				CAD377392B4588670004FC7A /* ChatViewWithSwiftUiApp.swift */,
				CAD3774B2B4592220004FC7A /* Views */,
				CAD3774C2B464A8D0004FC7A /* Models */,
				CAD377552B4652100004FC7A /* DataServices */,
				CAD3773D2B45886A0004FC7A /* Assets.xcassets */,
				CAD3773F2B45886A0004FC7A /* Preview Content */,
			);
			path = ChatViewWithSwiftUi;
			sourceTree = "<group>";
		};
		CAD3773F2B45886A0004FC7A /* Preview Content */ = {
			isa = PBXGroup;
			children = (
				CAD377402B45886A0004FC7A /* Preview Assets.xcassets */,
			);
			path = "Preview Content";
			sourceTree = "<group>";
		};
		CAD3774B2B4592220004FC7A /* Views */ = {
			isa = PBXGroup;
			children = (
				CAD377472B45890A0004FC7A /* ChatView.swift */,
				CAD377492B4592150004FC7A /* MessageRow.swift */,
			);
			path = Views;
			sourceTree = "<group>";
		};
		CAD3774C2B464A8D0004FC7A /* Models */ = {
			isa = PBXGroup;
			children = (
				CAD3774D2B464AD20004FC7A /* User.swift */,
				CAD377512B464C1E0004FC7A /* Message.swift */,
				CAD377532B4650FB0004FC7A /* Chat.swift */,
			);
			path = Models;
			sourceTree = "<group>";
		};
		CAD377552B4652100004FC7A /* DataServices */ = {
			isa = PBXGroup;
			children = (
				CAD377562B46525E0004FC7A /* chatData.json */,
			);
			path = DataServices;
			sourceTree = "<group>";
		};
/* End PBXGroup section */

/* Begin PBXNativeTarget section */
		CAD377352B4588670004FC7A /* ChatViewWithSwiftUi */ = {
			isa = PBXNativeTarget;
			buildConfigurationList = CAD377442B45886A0004FC7A /* Build configuration list for PBXNativeTarget "ChatViewWithSwiftUi" */;
			buildPhases = (
				CAD377322B4588670004FC7A /* Sources */,
				CAD377332B4588670004FC7A /* Frameworks */,
				CAD377342B4588670004FC7A /* Resources */,
			);
			buildRules = (
			);
			dependencies = (
			);
			name = ChatViewWithSwiftUi;
			productName = ChatViewWithSwiftUi;
			productReference = CAD377362B4588670004FC7A /* ChatViewWithSwiftUi.app */;
			productType = "com.apple.product-type.application";
		};
/* End PBXNativeTarget section */

/* Begin PBXProject section */
		CAD3772E2B4588670004FC7A /* Project object */ = {
			isa = PBXProject;
			attributes = {
				BuildIndependentTargetsInParallel = 1;
				LastSwiftUpdateCheck = 1510;
				LastUpgradeCheck = 1510;
				TargetAttributes = {
					CAD377352B4588670004FC7A = {
						CreatedOnToolsVersion = 15.1;
					};
				};
			};
			buildConfigurationList = CAD377312B4588670004FC7A /* Build configuration list for PBXProject "ChatViewWithSwiftUi" */;
			compatibilityVersion = "Xcode 14.0";
			developmentRegion = en;
			hasScannedForEncodings = 0;
			knownRegions = (
				en,
				Base,
			);
			mainGroup = CAD3772D2B4588670004FC7A;
			productRefGroup = CAD377372B4588670004FC7A /* Products */;
			projectDirPath = "";
			projectRoot = "";
			targets = (
				CAD377352B4588670004FC7A /* ChatViewWithSwiftUi */,
			);
		};
/* End PBXProject section */

/* Begin PBXResourcesBuildPhase section */
		CAD377342B4588670004FC7A /* Resources */ = {
			isa = PBXResourcesBuildPhase;
			buildActionMask = 2147483647;
			files = (
				CAD377412B45886A0004FC7A /* Preview Assets.xcassets in Resources */,
				CAD377572B46525E0004FC7A /* chatData.json in Resources */,
				CAD3773E2B45886A0004FC7A /* Assets.xcassets in Resources */,
			);
			runOnlyForDeploymentPostprocessing = 0;
		};
/* End PBXResourcesBuildPhase section */

/* Begin PBXSourcesBuildPhase section */
		CAD377322B4588670004FC7A /* Sources */ = {
			isa = PBXSourcesBuildPhase;
			buildActionMask = 2147483647;
			files = (
				CAD3774E2B464AD20004FC7A /* User.swift in Sources */,
				CAD377542B4650FB0004FC7A /* Chat.swift in Sources */,
				CAD377482B45890A0004FC7A /* ChatView.swift in Sources */,
				CAD377522B464C1E0004FC7A /* Message.swift in Sources */,
				CAD3773A2B4588670004FC7A /* ChatViewWithSwiftUiApp.swift in Sources */,
				CAD3774A2B4592150004FC7A /* MessageRow.swift in Sources */,
			);
			runOnlyForDeploymentPostprocessing = 0;
		};
/* End PBXSourcesBuildPhase section */

/* Begin XCBuildConfiguration section */
		CAD377422B45886A0004FC7A /* Debug */ = {
			isa = XCBuildConfiguration;
			buildSettings = {
				ALWAYS_SEARCH_USER_PATHS = NO;
				ASSETCATALOG_COMPILER_GENERATE_SWIFT_ASSET_SYMBOL_EXTENSIONS = YES;
				CLANG_ANALYZER_NONNULL = YES;
				CLANG_ANALYZER_NUMBER_OBJECT_CONVERSION = YES_AGGRESSIVE;
				CLANG_CXX_LANGUAGE_STANDARD = "gnu++20";
				CLANG_ENABLE_MODULES = YES;
				CLANG_ENABLE_OBJC_ARC = YES;
				CLANG_ENABLE_OBJC_WEAK = YES;
				CLANG_WARN_BLOCK_CAPTURE_AUTORELEASING = YES;
				CLANG_WARN_BOOL_CONVERSION = YES;
				CLANG_WARN_COMMA = YES;
				CLANG_WARN_CONSTANT_CONVERSION = YES;
				CLANG_WARN_DEPRECATED_OBJC_IMPLEMENTATIONS = YES;
				CLANG_WARN_DIRECT_OBJC_ISA_USAGE = YES_ERROR;
				CLANG_WARN_DOCUMENTATION_COMMENTS = YES;
				CLANG_WARN_EMPTY_BODY = YES;
				CLANG_WARN_ENUM_CONVERSION = YES;
				CLANG_WARN_INFINITE_RECURSION = YES;
				CLANG_WARN_INT_CONVERSION = YES;
				CLANG_WARN_NON_LITERAL_NULL_CONVERSION = YES;
				CLANG_WARN_OBJC_IMPLICIT_RETAIN_SELF = YES;
				CLANG_WARN_OBJC_LITERAL_CONVERSION = YES;
				CLANG_WARN_OBJC_ROOT_CLASS = YES_ERROR;
				CLANG_WARN_QUOTED_INCLUDE_IN_FRAMEWORK_HEADER = YES;
				CLANG_WARN_RANGE_LOOP_ANALYSIS = YES;
				CLANG_WARN_STRICT_PROTOTYPES = YES;
				CLANG_WARN_SUSPICIOUS_MOVE = YES;
				CLANG_WARN_UNGUARDED_AVAILABILITY = YES_AGGRESSIVE;
				CLANG_WARN_UNREACHABLE_CODE = YES;
				CLANG_WARN__DUPLICATE_METHOD_MATCH = YES;
				COPY_PHASE_STRIP = NO;
				DEBUG_INFORMATION_FORMAT = dwarf;
				ENABLE_STRICT_OBJC_MSGSEND = YES;
				ENABLE_TESTABILITY = YES;
				ENABLE_USER_SCRIPT_SANDBOXING = YES;
				GCC_C_LANGUAGE_STANDARD = gnu17;
				GCC_DYNAMIC_NO_PIC = NO;
				GCC_NO_COMMON_BLOCKS = YES;
				GCC_OPTIMIZATION_LEVEL = 0;
				GCC_PREPROCESSOR_DEFINITIONS = (
					"DEBUG=1",
					"$(inherited)",
				);
				GCC_WARN_64_TO_32_BIT_CONVERSION = YES;
				GCC_WARN_ABOUT_RETURN_TYPE = YES_ERROR;
				GCC_WARN_UNDECLARED_SELECTOR = YES;
				GCC_WARN_UNINITIALIZED_AUTOS = YES_AGGRESSIVE;
				GCC_WARN_UNUSED_FUNCTION = YES;
				GCC_WARN_UNUSED_VARIABLE = YES;
				IPHONEOS_DEPLOYMENT_TARGET = 17.2;
				LOCALIZATION_PREFERS_STRING_CATALOGS = YES;
				MTL_ENABLE_DEBUG_INFO = INCLUDE_SOURCE;
				MTL_FAST_MATH = YES;
				ONLY_ACTIVE_ARCH = YES;
				SDKROOT = iphoneos;
				SWIFT_ACTIVE_COMPILATION_CONDITIONS = "DEBUG $(inherited)";
				SWIFT_OPTIMIZATION_LEVEL = "-Onone";
			};
			name = Debug;
		};
		CAD377432B45886A0004FC7A /* Release */ = {
			isa = XCBuildConfiguration;
			buildSettings = {
				ALWAYS_SEARCH_USER_PATHS = NO;
				ASSETCATALOG_COMPILER_GENERATE_SWIFT_ASSET_SYMBOL_EXTENSIONS = YES;
				CLANG_ANALYZER_NONNULL = YES;
				CLANG_ANALYZER_NUMBER_OBJECT_CONVERSION = YES_AGGRESSIVE;
				CLANG_CXX_LANGUAGE_STANDARD = "gnu++20";
				CLANG_ENABLE_MODULES = YES;
				CLANG_ENABLE_OBJC_ARC = YES;
				CLANG_ENABLE_OBJC_WEAK = YES;
				CLANG_WARN_BLOCK_CAPTURE_AUTORELEASING = YES;
				CLANG_WARN_BOOL_CONVERSION = YES;
				CLANG_WARN_COMMA = YES;
				CLANG_WARN_CONSTANT_CONVERSION = YES;
				CLANG_WARN_DEPRECATED_OBJC_IMPLEMENTATIONS = YES;
				CLANG_WARN_DIRECT_OBJC_ISA_USAGE = YES_ERROR;
				CLANG_WARN_DOCUMENTATION_COMMENTS = YES;
				CLANG_WARN_EMPTY_BODY = YES;
				CLANG_WARN_ENUM_CONVERSION = YES;
				CLANG_WARN_INFINITE_RECURSION = YES;
				CLANG_WARN_INT_CONVERSION = YES;
				CLANG_WARN_NON_LITERAL_NULL_CONVERSION = YES;
				CLANG_WARN_OBJC_IMPLICIT_RETAIN_SELF = YES;
				CLANG_WARN_OBJC_LITERAL_CONVERSION = YES;
				CLANG_WARN_OBJC_ROOT_CLASS = YES_ERROR;
				CLANG_WARN_QUOTED_INCLUDE_IN_FRAMEWORK_HEADER = YES;
				CLANG_WARN_RANGE_LOOP_ANALYSIS = YES;
				CLANG_WARN_STRICT_PROTOTYPES = YES;
				CLANG_WARN_SUSPICIOUS_MOVE = YES;
				CLANG_WARN_UNGUARDED_AVAILABILITY = YES_AGGRESSIVE;
				CLANG_WARN_UNREACHABLE_CODE = YES;
				CLANG_WARN__DUPLICATE_METHOD_MATCH = YES;
				COPY_PHASE_STRIP = NO;
				DEBUG_INFORMATION_FORMAT = "dwarf-with-dsym";
				ENABLE_NS_ASSERTIONS = NO;
				ENABLE_STRICT_OBJC_MSGSEND = YES;
				ENABLE_USER_SCRIPT_SANDBOXING = YES;
				GCC_C_LANGUAGE_STANDARD = gnu17;
				GCC_NO_COMMON_BLOCKS = YES;
				GCC_WARN_64_TO_32_BIT_CONVERSION = YES;
				GCC_WARN_ABOUT_RETURN_TYPE = YES_ERROR;
				GCC_WARN_UNDECLARED_SELECTOR = YES;
				GCC_WARN_UNINITIALIZED_AUTOS = YES_AGGRESSIVE;
				GCC_WARN_UNUSED_FUNCTION = YES;
				GCC_WARN_UNUSED_VARIABLE = YES;
				IPHONEOS_DEPLOYMENT_TARGET = 17.2;
				LOCALIZATION_PREFERS_STRING_CATALOGS = YES;
				MTL_ENABLE_DEBUG_INFO = NO;
				MTL_FAST_MATH = YES;
				SDKROOT = iphoneos;
				SWIFT_COMPILATION_MODE = wholemodule;
				VALIDATE_PRODUCT = YES;
			};
			name = Release;
		};
		CAD377452B45886A0004FC7A /* Debug */ = {
			isa = XCBuildConfiguration;
			buildSettings = {
				ASSETCATALOG_COMPILER_APPICON_NAME = AppIcon;
				ASSETCATALOG_COMPILER_GLOBAL_ACCENT_COLOR_NAME = AccentColor;
				CODE_SIGN_STYLE = Automatic;
				CURRENT_PROJECT_VERSION = 1;
				DEVELOPMENT_ASSET_PATHS = "\"ChatViewWithSwiftUi/Preview Content\"";
				ENABLE_PREVIEWS = YES;
				GENERATE_INFOPLIST_FILE = YES;
				INFOPLIST_KEY_UIApplicationSceneManifest_Generation = YES;
				INFOPLIST_KEY_UIApplicationSupportsIndirectInputEvents = YES;
				INFOPLIST_KEY_UILaunchScreen_Generation = YES;
				INFOPLIST_KEY_UISupportedInterfaceOrientations_iPad = "UIInterfaceOrientationPortrait UIInterfaceOrientationPortraitUpsideDown UIInterfaceOrientationLandscapeLeft UIInterfaceOrientationLandscapeRight";
				INFOPLIST_KEY_UISupportedInterfaceOrientations_iPhone = "UIInterfaceOrientationPortrait UIInterfaceOrientationLandscapeLeft UIInterfaceOrientationLandscapeRight";
				LD_RUNPATH_SEARCH_PATHS = (
					"$(inherited)",
					"@executable_path/Frameworks",
				);
				MARKETING_VERSION = 1.0;
				PRODUCT_BUNDLE_IDENTIFIER = "com.sample-app.ChatViewWithSwiftUi";
				PRODUCT_NAME = "$(TARGET_NAME)";
				SWIFT_EMIT_LOC_STRINGS = YES;
				SWIFT_VERSION = 5.0;
				TARGETED_DEVICE_FAMILY = "1,2";
			};
			name = Debug;
		};
		CAD377462B45886A0004FC7A /* Release */ = {
			isa = XCBuildConfiguration;
			buildSettings = {
				ASSETCATALOG_COMPILER_APPICON_NAME = AppIcon;
				ASSETCATALOG_COMPILER_GLOBAL_ACCENT_COLOR_NAME = AccentColor;
				CODE_SIGN_STYLE = Automatic;
				CURRENT_PROJECT_VERSION = 1;
				DEVELOPMENT_ASSET_PATHS = "\"ChatViewWithSwiftUi/Preview Content\"";
				ENABLE_PREVIEWS = YES;
				GENERATE_INFOPLIST_FILE = YES;
				INFOPLIST_KEY_UIApplicationSceneManifest_Generation = YES;
				INFOPLIST_KEY_UIApplicationSupportsIndirectInputEvents = YES;
				INFOPLIST_KEY_UILaunchScreen_Generation = YES;
				INFOPLIST_KEY_UISupportedInterfaceOrientations_iPad = "UIInterfaceOrientationPortrait UIInterfaceOrientationPortraitUpsideDown UIInterfaceOrientationLandscapeLeft UIInterfaceOrientationLandscapeRight";
				INFOPLIST_KEY_UISupportedInterfaceOrientations_iPhone = "UIInterfaceOrientationPortrait UIInterfaceOrientationLandscapeLeft UIInterfaceOrientationLandscapeRight";
				LD_RUNPATH_SEARCH_PATHS = (
					"$(inherited)",
					"@executable_path/Frameworks",
				);
				MARKETING_VERSION = 1.0;
				PRODUCT_BUNDLE_IDENTIFIER = "com.sample-app.ChatViewWithSwiftUi";
				PRODUCT_NAME = "$(TARGET_NAME)";
				SWIFT_EMIT_LOC_STRINGS = YES;
				SWIFT_VERSION = 5.0;
				TARGETED_DEVICE_FAMILY = "1,2";
			};
			name = Release;
		};
/* End XCBuildConfiguration section */

/* Begin XCConfigurationList section */
		CAD377312B4588670004FC7A /* Build configuration list for PBXProject "ChatViewWithSwiftUi" */ = {
			isa = XCConfigurationList;
			buildConfigurations = (
				CAD377422B45886A0004FC7A /* Debug */,
				CAD377432B45886A0004FC7A /* Release */,
			);
			defaultConfigurationIsVisible = 0;
			defaultConfigurationName = Release;
		};
		CAD377442B45886A0004FC7A /* Build configuration list for PBXNativeTarget "ChatViewWithSwiftUi" */ = {
			isa = XCConfigurationList;
			buildConfigurations = (
				CAD377452B45886A0004FC7A /* Debug */,
				CAD377462B45886A0004FC7A /* Release */,
			);
			defaultConfigurationIsVisible = 0;
			defaultConfigurationName = Release;
		};
/* End XCConfigurationList section */
	};
	rootObject = CAD3772E2B4588670004FC7A /* Project object */;
}
